
Microsoft Visual Studio Solution File, Format Version 12.00
# Visual Studio Version 17
VisualStudioVersion = 17.0.32126.317
MinimumVisualStudioVersion = 10.0.40219.1
Project("{9A19103F-16F7-4668-BE54-9A1E7A4F7556}") = "sandbox.web.api", "sandbox.web.api\sandbox.web.api\sandbox.web.api.csproj", "{5F08E6B0-5F15-4C05-AED7-8B113EA48E45}"
EndProject
Project("{9A19103F-16F7-4668-BE54-9A1E7A4F7556}") = "sandbox.web.app", "sandbox.web.app\sandbox.web.app.csproj", "{9D3CF5B8-4628-4A63-A470-0890B32510AB}"
EndProject
Project("{54A90642-561A-4BB1-A94E-469ADEE60C69}") = "sandbox.react.spa", "sandbox.react.spa\sandbox.react.spa.esproj", "{4130A0F1-C7EA-4296-9CCD-F44B5B6A6231}"
EndProject
Global
	GlobalSection(SolutionConfigurationPlatforms) = preSolution
		Debug|Any CPU = Debug|Any CPU
		Release|Any CPU = Release|Any CPU
	EndGlobalSection
	GlobalSection(ProjectConfigurationPlatforms) = postSolution
		{5F08E6B0-5F15-4C05-AED7-8B113EA48E45}.Debug|Any CPU.ActiveCfg = Debug|Any CPU
		{5F08E6B0-5F15-4C05-AED7-8B113EA48E45}.Debug|Any CPU.Build.0 = Debug|Any CPU
		{5F08E6B0-5F15-4C05-AED7-8B113EA48E45}.Release|Any CPU.ActiveCfg = Release|Any CPU
		{5F08E6B0-5F15-4C05-AED7-8B113EA48E45}.Release|Any CPU.Build.0 = Release|Any CPU
		{9D3CF5B8-4628-4A63-A470-0890B32510AB}.Debug|Any CPU.ActiveCfg = Debug|Any CPU
		{9D3CF5B8-4628-4A63-A470-0890B32510AB}.Debug|Any CPU.Build.0 = Debug|Any CPU
		{9D3CF5B8-4628-4A63-A470-0890B32510AB}.Release|Any CPU.ActiveCfg = Release|Any CPU
		{9D3CF5B8-4628-4A63-A470-0890B32510AB}.Release|Any CPU.Build.0 = Release|Any CPU
		{4130A0F1-C7EA-4296-9CCD-F44B5B6A6231}.Debug|Any CPU.ActiveCfg = Debug|Any CPU
		{4130A0F1-C7EA-4296-9CCD-F44B5B6A6231}.Debug|Any CPU.Build.0 = Debug|Any CPU
		{4130A0F1-C7EA-4296-9CCD-F44B5B6A6231}.Debug|Any CPU.Deploy.0 = Debug|Any CPU
		{4130A0F1-C7EA-4296-9CCD-F44B5B6A6231}.Release|Any CPU.ActiveCfg = Release|Any CPU
		{4130A0F1-C7EA-4296-9CCD-F44B5B6A6231}.Release|Any CPU.Build.0 = Release|Any CPU
		{4130A0F1-C7EA-4296-9CCD-F44B5B6A6231}.Release|Any CPU.Deploy.0 = Release|Any CPU
	EndGlobalSection
	GlobalSection(SolutionProperties) = preSolution
		HideSolutionNode = FALSE
	EndGlobalSection
	GlobalSection(ExtensibilityGlobals) = postSolution
		SolutionGuid = {5BDA6B19-7DBE-4757-9EAA-9EA430078384}
	EndGlobalSection
EndGlobal
