
Microsoft Visual Studio Solution File, Format Version 12.00
# Visual Studio Version 16
VisualStudioVersion = 16.0.32106.194
MinimumVisualStudioVersion = 10.0.40219.1
Project("{FAE04EC0-301F-11D3-BF4B-00C04F79EFBC}") = "sandbox.web.api", "sandbox.web.api\sandbox.web.api.csproj", "{4C21ED69-9F99-4988-91D6-502ECE514DB9}"
EndProject
Global
	GlobalSection(SolutionConfigurationPlatforms) = preSolution
		Debug|Any CPU = Debug|Any CPU
		Release|Any CPU = Release|Any CPU
	EndGlobalSection
	GlobalSection(ProjectConfigurationPlatforms) = postSolution
		{4C21ED69-9F99-4988-91D6-502ECE514DB9}.Debug|Any CPU.ActiveCfg = Debug|Any CPU
		{4C21ED69-9F99-4988-91D6-502ECE514DB9}.Debug|Any CPU.Build.0 = Debug|Any CPU
		{4C21ED69-9F99-4988-91D6-502ECE514DB9}.Release|Any CPU.ActiveCfg = Release|Any CPU
		{4C21ED69-9F99-4988-91D6-502ECE514DB9}.Release|Any CPU.Build.0 = Release|Any CPU
	EndGlobalSection
	GlobalSection(SolutionProperties) = preSolution
		HideSolutionNode = FALSE
	EndGlobalSection
	GlobalSection(ExtensibilityGlobals) = postSolution
		SolutionGuid = {F7ED5220-F6C2-429D-85D0-0C2A40074327}
	EndGlobalSection
EndGlobal
